{
  "format_version": "1.0",
  "provider_schemas": {
    "cdot65/juniper-terraform-srx/junos-addressbook": {
      "provider": {
        "version": 0,
        "block": {
          "attributes": {
            "host": {
              "type": "string",
              "description_kind": "plain",
              "required": true
            },
            "password": {
              "type": "string",
              "description_kind": "plain",
              "required": true
            },
            "port": {
              "type": "number",
              "description_kind": "plain",
              "required": true
            },
            "sshkey": {
              "type": "string",
              "description_kind": "plain",
              "required": true
            },
            "username": {
              "type": "string",
              "description_kind": "plain",
              "required": true
            }
          },
          "description_kind": "plain"
        }
      },
      "resource_schemas": {
        "junos-addressbook_SecurityAddress__BookAddressIp__Prefix": {
          "version": 0,
          "block": {
            "attributes": {
              "id": {
                "type": "string",
                "description_kind": "plain",
                "optional": true,
                "computed": true
              },
              "ip__prefix": {
                "type": "string",
                "description": "xpath is: config.Groups.V_address__book.V_address. Numeric IPv4 or IPv6 address with prefix",
                "description_kind": "plain",
                "optional": true
              },
              "name": {
                "type": "string",
                "description": "xpath is: config.Groups.V_address__book",
                "description_kind": "plain",
                "optional": true
              },
              "name__1": {
                "type": "string",
                "description": "xpath is: config.Groups.V_address__book.V_address",
                "description_kind": "plain",
                "optional": true
              },
              "resource_name": {
                "type": "string",
                "description_kind": "plain",
                "required": true
              }
            },
            "description_kind": "plain"
          }
        },
        "junos-addressbook_SecurityAddress__BookAddressName": {
          "version": 0,
          "block": {
            "attributes": {
              "id": {
                "type": "string",
                "description_kind": "plain",
                "optional": true,
                "computed": true
              },
              "name": {
                "type": "string",
                "description": "xpath is: config.Groups.V_address__book",
                "description_kind": "plain",
                "optional": true
              },
              "name__1": {
                "type": "string",
                "description": "xpath is: config.Groups.V_address__book.V_address. Security address name",
                "description_kind": "plain",
                "optional": true
              },
              "resource_name": {
                "type": "string",
                "description_kind": "plain",
                "required": true
              }
            },
            "description_kind": "plain"
          }
        },
        "junos-addressbook_SecurityAddress__BookDescription": {
          "version": 0,
          "block": {
            "attributes": {
              "description": {
                "type": "string",
                "description": "xpath is: config.Groups.V_address__book. Text description of address book",
                "description_kind": "plain",
                "optional": true
              },
              "id": {
                "type": "string",
                "description_kind": "plain",
                "optional": true,
                "computed": true
              },
              "name": {
                "type": "string",
                "description": "xpath is: config.Groups.V_address__book",
                "description_kind": "plain",
                "optional": true
              },
              "resource_name": {
                "type": "string",
                "description_kind": "plain",
                "required": true
              }
            },
            "description_kind": "plain"
          }
        },
        "junos-addressbook_SecurityAddress__BookName": {
          "version": 0,
          "block": {
            "attributes": {
              "id": {
                "type": "string",
                "description_kind": "plain",
                "optional": true,
                "computed": true
              },
              "name": {
                "type": "string",
                "description": "xpath is: config.Groups.V_address__book. Address book name",
                "description_kind": "plain",
                "optional": true
              },
              "resource_name": {
                "type": "string",
                "description_kind": "plain",
                "required": true
              }
            },
            "description_kind": "plain"
          }
        },
        "junos-addressbook_commit": {
          "version": 0,
          "block": {
            "attributes": {
              "id": {
                "type": "string",
                "description_kind": "plain",
                "optional": true,
                "computed": true
              },
              "resource_name": {
                "type": "string",
                "description_kind": "plain",
                "required": true
              }
            },
            "description_kind": "plain"
          }
        },
        "junos-addressbook_destroycommit": {
          "version": 0,
          "block": {
            "attributes": {
              "id": {
                "type": "string",
                "description_kind": "plain",
                "optional": true,
                "computed": true
              },
              "resource_name": {
                "type": "string",
                "description_kind": "plain",
                "required": true
              }
            },
            "description_kind": "plain"
          }
        }
      }
    }
  }
}
